
Microsoft Visual Studio Solution File, Format Version 12.00
# Visual Studio Version 17
VisualStudioVersion = 17.13.35919.96 d17.13
MinimumVisualStudioVersion = 10.0.40219.1
Project("{FAE04EC0-301F-11D3-BF4B-00C04F79EFBC}") = "taskManagers", "taskManagers.csproj", "{93D65D2A-FB38-4B21-97A8-85FC45DD40F6}"
EndProject
Project("{FAE04EC0-301F-11D3-BF4B-00C04F79EFBC}") = "taskManager_BusinessLogic", "taskManager_BusinessLogic\taskManager_BusinessLogic.csproj", "{018EAA79-AF16-489D-9850-7BA5447338A1}"
EndProject
Global
	GlobalSection(SolutionConfigurationPlatforms) = preSolution
		Debug|Any CPU = Debug|Any CPU
		Release|Any CPU = Release|Any CPU
	EndGlobalSection
	GlobalSection(ProjectConfigurationPlatforms) = postSolution
		{93D65D2A-FB38-4B21-97A8-85FC45DD40F6}.Debug|Any CPU.ActiveCfg = Debug|Any CPU
		{93D65D2A-FB38-4B21-97A8-85FC45DD40F6}.Debug|Any CPU.Build.0 = Debug|Any CPU
		{93D65D2A-FB38-4B21-97A8-85FC45DD40F6}.Release|Any CPU.ActiveCfg = Release|Any CPU
		{93D65D2A-FB38-4B21-97A8-85FC45DD40F6}.Release|Any CPU.Build.0 = Release|Any CPU
		{018EAA79-AF16-489D-9850-7BA5447338A1}.Debug|Any CPU.ActiveCfg = Debug|Any CPU
		{018EAA79-AF16-489D-9850-7BA5447338A1}.Debug|Any CPU.Build.0 = Debug|Any CPU
		{018EAA79-AF16-489D-9850-7BA5447338A1}.Release|Any CPU.ActiveCfg = Release|Any CPU
		{018EAA79-AF16-489D-9850-7BA5447338A1}.Release|Any CPU.Build.0 = Release|Any CPU
	EndGlobalSection
	GlobalSection(SolutionProperties) = preSolution
		HideSolutionNode = FALSE
	EndGlobalSection
	GlobalSection(ExtensibilityGlobals) = postSolution
		SolutionGuid = {D11237F0-2D75-4227-94FE-D8D2583CFDBA}
	EndGlobalSection
EndGlobal
